
Microsoft Visual Studio Solution File, Format Version 12.00
# Visual Studio Version 17
VisualStudioVersion = 17.11.35327.3
MinimumVisualStudioVersion = 10.0.40219.1
Project("{FAE04EC0-301F-11D3-BF4B-00C04F79EFBC}") = "InventoryManager.UI", "InventoryManager\InventoryManager.UI.csproj", "{2F32E5BB-71DD-4C73-A1BE-809E19D10527}"
EndProject
Project("{FAE04EC0-301F-11D3-BF4B-00C04F79EFBC}") = "InventoryManager.Entities", "InventoryManager.Entities\InventoryManager.Entities.csproj", "{A2CD1728-5D7E-46A8-A186-E4CDA0C8C6D4}"
EndProject
Project("{FAE04EC0-301F-11D3-BF4B-00C04F79EFBC}") = "InventoryManager.DataAccess", "InventoryManager.DataAccess\InventoryManager.DataAccess.csproj", "{200B7F9A-77D5-4F82-ACEB-D965E8955B30}"
EndProject
Project("{FAE04EC0-301F-11D3-BF4B-00C04F79EFBC}") = "InventoryManager.Business", "InventoryManager.Business\InventoryManager.Business.csproj", "{A3CCCED7-CEAC-4E3F-9E33-7F437BA72857}"
EndProject
Global
	GlobalSection(SolutionConfigurationPlatforms) = preSolution
		Debug|Any CPU = Debug|Any CPU
		Release|Any CPU = Release|Any CPU
	EndGlobalSection
	GlobalSection(ProjectConfigurationPlatforms) = postSolution
		{2F32E5BB-71DD-4C73-A1BE-809E19D10527}.Debug|Any CPU.ActiveCfg = Debug|Any CPU
		{2F32E5BB-71DD-4C73-A1BE-809E19D10527}.Debug|Any CPU.Build.0 = Debug|Any CPU
		{2F32E5BB-71DD-4C73-A1BE-809E19D10527}.Release|Any CPU.ActiveCfg = Release|Any CPU
		{2F32E5BB-71DD-4C73-A1BE-809E19D10527}.Release|Any CPU.Build.0 = Release|Any CPU
		{A2CD1728-5D7E-46A8-A186-E4CDA0C8C6D4}.Debug|Any CPU.ActiveCfg = Debug|Any CPU
		{A2CD1728-5D7E-46A8-A186-E4CDA0C8C6D4}.Debug|Any CPU.Build.0 = Debug|Any CPU
		{A2CD1728-5D7E-46A8-A186-E4CDA0C8C6D4}.Release|Any CPU.ActiveCfg = Release|Any CPU
		{A2CD1728-5D7E-46A8-A186-E4CDA0C8C6D4}.Release|Any CPU.Build.0 = Release|Any CPU
		{200B7F9A-77D5-4F82-ACEB-D965E8955B30}.Debug|Any CPU.ActiveCfg = Debug|Any CPU
		{200B7F9A-77D5-4F82-ACEB-D965E8955B30}.Debug|Any CPU.Build.0 = Debug|Any CPU
		{200B7F9A-77D5-4F82-ACEB-D965E8955B30}.Release|Any CPU.ActiveCfg = Release|Any CPU
		{200B7F9A-77D5-4F82-ACEB-D965E8955B30}.Release|Any CPU.Build.0 = Release|Any CPU
		{A3CCCED7-CEAC-4E3F-9E33-7F437BA72857}.Debug|Any CPU.ActiveCfg = Debug|Any CPU
		{A3CCCED7-CEAC-4E3F-9E33-7F437BA72857}.Debug|Any CPU.Build.0 = Debug|Any CPU
		{A3CCCED7-CEAC-4E3F-9E33-7F437BA72857}.Release|Any CPU.ActiveCfg = Release|Any CPU
		{A3CCCED7-CEAC-4E3F-9E33-7F437BA72857}.Release|Any CPU.Build.0 = Release|Any CPU
	EndGlobalSection
	GlobalSection(SolutionProperties) = preSolution
		HideSolutionNode = FALSE
	EndGlobalSection
	GlobalSection(ExtensibilityGlobals) = postSolution
		SolutionGuid = {23E25F77-8167-4B49-B5E8-8EC86E9AE681}
	EndGlobalSection
EndGlobal
